
Microsoft Visual Studio Solution File, Format Version 12.00
# Visual Studio Version 17
VisualStudioVersion = 17.0.31912.275
MinimumVisualStudioVersion = 10.0.40219.1
Project("{8BC9CEB8-8B4A-11D0-8D11-00A0C91BC942}") = "Vector_Template", "Vector_Template\Vector_Template.vcxproj", "{AB4AA722-6819-4BE1-95B3-687C6697DC6B}"
EndProject
Global
	GlobalSection(SolutionConfigurationPlatforms) = preSolution
		Debug|x64 = Debug|x64
		Debug|x86 = Debug|x86
		Release|x64 = Release|x64
		Release|x86 = Release|x86
	EndGlobalSection
	GlobalSection(ProjectConfigurationPlatforms) = postSolution
		{AB4AA722-6819-4BE1-95B3-687C6697DC6B}.Debug|x64.ActiveCfg = Debug|x64
		{AB4AA722-6819-4BE1-95B3-687C6697DC6B}.Debug|x64.Build.0 = Debug|x64
		{AB4AA722-6819-4BE1-95B3-687C6697DC6B}.Debug|x86.ActiveCfg = Debug|Win32
		{AB4AA722-6819-4BE1-95B3-687C6697DC6B}.Debug|x86.Build.0 = Debug|Win32
		{AB4AA722-6819-4BE1-95B3-687C6697DC6B}.Release|x64.ActiveCfg = Release|x64
		{AB4AA722-6819-4BE1-95B3-687C6697DC6B}.Release|x64.Build.0 = Release|x64
		{AB4AA722-6819-4BE1-95B3-687C6697DC6B}.Release|x86.ActiveCfg = Release|Win32
		{AB4AA722-6819-4BE1-95B3-687C6697DC6B}.Release|x86.Build.0 = Release|Win32
	EndGlobalSection
	GlobalSection(SolutionProperties) = preSolution
		HideSolutionNode = FALSE
	EndGlobalSection
	GlobalSection(ExtensibilityGlobals) = postSolution
		SolutionGuid = {096F7AD4-7F04-4B38-8574-E5EFE17A88B5}
	EndGlobalSection
EndGlobal
